// !$*UTF8*$!
{
	archiveVersion = 1;
	classes = {
	};
	objectVersion = 48;
	objects = {

/* Begin PBXBuildFile section */
		161AB7482009762F0059AA8F /* AppDelegate.swift in Sources */ = {isa = PBXBuildFile; fileRef = 161AB7472009762F0059AA8F /* AppDelegate.swift */; };
		161AB74A2009762F0059AA8F /* MealViewController.swift in Sources */ = {isa = PBXBuildFile; fileRef = 161AB7492009762F0059AA8F /* MealViewController.swift */; };
		161AB74D2009762F0059AA8F /* Main.storyboard in Resources */ = {isa = PBXBuildFile; fileRef = 161AB74B2009762F0059AA8F /* Main.storyboard */; };
		161AB74F2009762F0059AA8F /* Assets.xcassets in Resources */ = {isa = PBXBuildFile; fileRef = 161AB74E2009762F0059AA8F /* Assets.xcassets */; };
		161AB7522009762F0059AA8F /* LaunchScreen.storyboard in Resources */ = {isa = PBXBuildFile; fileRef = 161AB7502009762F0059AA8F /* LaunchScreen.storyboard */; };
		161AB75D200976300059AA8F /* FoodTrackerTests.swift in Sources */ = {isa = PBXBuildFile; fileRef = 161AB75C200976300059AA8F /* FoodTrackerTests.swift */; };
		161AB7682009B7190059AA8F /* RatingControl.swift in Sources */ = {isa = PBXBuildFile; fileRef = 161AB7672009B7190059AA8F /* RatingControl.swift */; };
		161AB76A200A81D80059AA8F /* MealTableViewCell.swift in Sources */ = {isa = PBXBuildFile; fileRef = 161AB769200A81D80059AA8F /* MealTableViewCell.swift */; };
		161AB76C200A8C1D0059AA8F /* MealTableViewController.swift in Sources */ = {isa = PBXBuildFile; fileRef = 161AB76B200A8C1D0059AA8F /* MealTableViewController.swift */; };
		161AB76E200A96620059AA8F /* Meal.swift in Sources */ = {isa = PBXBuildFile; fileRef = 161AB76D200A96620059AA8F /* Meal.swift */; };
/* End PBXBuildFile section */

/* Begin PBXContainerItemProxy section */
		161AB759200976300059AA8F /* PBXContainerItemProxy */ = {
			isa = PBXContainerItemProxy;
			containerPortal = 161AB73C2009762F0059AA8F /* Project object */;
			proxyType = 1;
			remoteGlobalIDString = 161AB7432009762F0059AA8F;
			remoteInfo = FoodTracker;
		};
/* End PBXContainerItemProxy section */

/* Begin PBXFileReference section */
		161AB7442009762F0059AA8F /* FoodTracker.app */ = {isa = PBXFileReference; explicitFileType = wrapper.application; includeInIndex = 0; path = FoodTracker.app; sourceTree = BUILT_PRODUCTS_DIR; };
		161AB7472009762F0059AA8F /* AppDelegate.swift */ = {isa = PBXFileReference; lastKnownFileType = sourcecode.swift; path = AppDelegate.swift; sourceTree = "<group>"; };
		161AB7492009762F0059AA8F /* MealViewController.swift */ = {isa = PBXFileReference; lastKnownFileType = sourcecode.swift; path = MealViewController.swift; sourceTree = "<group>"; };
		161AB74C2009762F0059AA8F /* Base */ = {isa = PBXFileReference; lastKnownFileType = file.storyboard; name = Base; path = Base.lproj/Main.storyboard; sourceTree = "<group>"; };
		161AB74E2009762F0059AA8F /* Assets.xcassets */ = {isa = PBXFileReference; lastKnownFileType = folder.assetcatalog; path = Assets.xcassets; sourceTree = "<group>"; };
		161AB7512009762F0059AA8F /* Base */ = {isa = PBXFileReference; lastKnownFileType = file.storyboard; name = Base; path = Base.lproj/LaunchScreen.storyboard; sourceTree = "<group>"; };
		161AB7532009762F0059AA8F /* Info.plist */ = {isa = PBXFileReference; lastKnownFileType = text.plist.xml; path = Info.plist; sourceTree = "<group>"; };
		161AB758200976300059AA8F /* FoodTrackerTests.xctest */ = {isa = PBXFileReference; explicitFileType = wrapper.cfbundle; includeInIndex = 0; path = FoodTrackerTests.xctest; sourceTree = BUILT_PRODUCTS_DIR; };
		161AB75C200976300059AA8F /* FoodTrackerTests.swift */ = {isa = PBXFileReference; lastKnownFileType = sourcecode.swift; path = FoodTrackerTests.swift; sourceTree = "<group>"; };
		161AB75E200976300059AA8F /* Info.plist */ = {isa = PBXFileReference; lastKnownFileType = text.plist.xml; path = Info.plist; sourceTree = "<group>"; };
		161AB7672009B7190059AA8F /* RatingControl.swift */ = {isa = PBXFileReference; lastKnownFileType = sourcecode.swift; path = RatingControl.swift; sourceTree = "<group>"; };
		161AB769200A81D80059AA8F /* MealTableViewCell.swift */ = {isa = PBXFileReference; lastKnownFileType = sourcecode.swift; path = MealTableViewCell.swift; sourceTree = "<group>"; };
		161AB76B200A8C1D0059AA8F /* MealTableViewController.swift */ = {isa = PBXFileReference; lastKnownFileType = sourcecode.swift; path = MealTableViewController.swift; sourceTree = "<group>"; };
		161AB76D200A96620059AA8F /* Meal.swift */ = {isa = PBXFileReference; lastKnownFileType = sourcecode.swift; path = Meal.swift; sourceTree = "<group>"; };
/* End PBXFileReference section */

/* Begin PBXFrameworksBuildPhase section */
		161AB7412009762F0059AA8F /* Frameworks */ = {
			isa = PBXFrameworksBuildPhase;
			buildActionMask = 2147483647;
			files = (
			);
			runOnlyForDeploymentPostprocessing = 0;
		};
		161AB755200976300059AA8F /* Frameworks */ = {
			isa = PBXFrameworksBuildPhase;
			buildActionMask = 2147483647;
			files = (
			);
			runOnlyForDeploymentPostprocessing = 0;
		};
/* End PBXFrameworksBuildPhase section */

/* Begin PBXGroup section */
		161AB73B2009762F0059AA8F = {
			isa = PBXGroup;
			children = (
				161AB7462009762F0059AA8F /* FoodTracker */,
				161AB75B200976300059AA8F /* FoodTrackerTests */,
				161AB7452009762F0059AA8F /* Products */,
			);
			sourceTree = "<group>";
		};
		161AB7452009762F0059AA8F /* Products */ = {
			isa = PBXGroup;
			children = (
				161AB7442009762F0059AA8F /* FoodTracker.app */,
				161AB758200976300059AA8F /* FoodTrackerTests.xctest */,
			);
			name = Products;
			sourceTree = "<group>";
		};
		161AB7462009762F0059AA8F /* FoodTracker */ = {
			isa = PBXGroup;
			children = (
				161AB7472009762F0059AA8F /* AppDelegate.swift */,
				161AB7492009762F0059AA8F /* MealViewController.swift */,
				161AB7672009B7190059AA8F /* RatingControl.swift */,
				161AB76D200A96620059AA8F /* Meal.swift */,
				161AB769200A81D80059AA8F /* MealTableViewCell.swift */,
				161AB76B200A8C1D0059AA8F /* MealTableViewController.swift */,
				161AB7502009762F0059AA8F /* LaunchScreen.storyboard */,
				161AB74B2009762F0059AA8F /* Main.storyboard */,
				161AB74E2009762F0059AA8F /* Assets.xcassets */,
				161AB7532009762F0059AA8F /* Info.plist */,
			);
			path = FoodTracker;
			sourceTree = "<group>";
		};
		161AB75B200976300059AA8F /* FoodTrackerTests */ = {
			isa = PBXGroup;
			children = (
				161AB75C200976300059AA8F /* FoodTrackerTests.swift */,
				161AB75E200976300059AA8F /* Info.plist */,
			);
			path = FoodTrackerTests;
			sourceTree = "<group>";
		};
/* End PBXGroup section */

/* Begin PBXNativeTarget section */
		161AB7432009762F0059AA8F /* FoodTracker */ = {
			isa = PBXNativeTarget;
			buildConfigurationList = 161AB761200976300059AA8F /* Build configuration list for PBXNativeTarget "FoodTracker" */;
			buildPhases = (
				161AB7402009762F0059AA8F /* Sources */,
				161AB7412009762F0059AA8F /* Frameworks */,
				161AB7422009762F0059AA8F /* Resources */,
			);
			buildRules = (
			);
			dependencies = (
			);
			name = FoodTracker;
			productName = FoodTracker;
			productReference = 161AB7442009762F0059AA8F /* FoodTracker.app */;
			productType = "com.apple.product-type.application";
		};
		161AB757200976300059AA8F /* FoodTrackerTests */ = {
			isa = PBXNativeTarget;
			buildConfigurationList = 161AB764200976300059AA8F /* Build configuration list for PBXNativeTarget "FoodTrackerTests" */;
			buildPhases = (
				161AB754200976300059AA8F /* Sources */,
				161AB755200976300059AA8F /* Frameworks */,
				161AB756200976300059AA8F /* Resources */,
			);
			buildRules = (
			);
			dependencies = (
				161AB75A200976300059AA8F /* PBXTargetDependency */,
			);
			name = FoodTrackerTests;
			productName = FoodTrackerTests;
			productReference = 161AB758200976300059AA8F /* FoodTrackerTests.xctest */;
			productType = "com.apple.product-type.bundle.unit-test";
		};
/* End PBXNativeTarget section */

/* Begin PBXProject section */
		161AB73C2009762F0059AA8F /* Project object */ = {
			isa = PBXProject;
			attributes = {
				LastSwiftUpdateCheck = 0920;
				LastUpgradeCheck = 0920;
				ORGANIZATIONNAME = "Taylor Bills";
				TargetAttributes = {
					161AB7432009762F0059AA8F = {
						CreatedOnToolsVersion = 9.2;
						ProvisioningStyle = Automatic;
					};
					161AB757200976300059AA8F = {
						CreatedOnToolsVersion = 9.2;
						ProvisioningStyle = Automatic;
						TestTargetID = 161AB7432009762F0059AA8F;
					};
				};
			};
			buildConfigurationList = 161AB73F2009762F0059AA8F /* Build configuration list for PBXProject "FoodTracker" */;
			compatibilityVersion = "Xcode 8.0";
			developmentRegion = en;
			hasScannedForEncodings = 0;
			knownRegions = (
				en,
				Base,
			);
			mainGroup = 161AB73B2009762F0059AA8F;
			productRefGroup = 161AB7452009762F0059AA8F /* Products */;
			projectDirPath = "";
			projectRoot = "";
			targets = (
				161AB7432009762F0059AA8F /* FoodTracker */,
				161AB757200976300059AA8F /* FoodTrackerTests */,
			);
		};
/* End PBXProject section */

/* Begin PBXResourcesBuildPhase section */
		161AB7422009762F0059AA8F /* Resources */ = {
			isa = PBXResourcesBuildPhase;
			buildActionMask = 2147483647;
			files = (
				161AB7522009762F0059AA8F /* LaunchScreen.storyboard in Resources */,
				161AB74F2009762F0059AA8F /* Assets.xcassets in Resources */,
				161AB74D2009762F0059AA8F /* Main.storyboard in Resources */,
			);
			runOnlyForDeploymentPostprocessing = 0;
		};
		161AB756200976300059AA8F /* Resources */ = {
			isa = PBXResourcesBuildPhase;
			buildActionMask = 2147483647;
			files = (
			);
			runOnlyForDeploymentPostprocessing = 0;
		};
/* End PBXResourcesBuildPhase section */

/* Begin PBXSourcesBuildPhase section */
		161AB7402009762F0059AA8F /* Sources */ = {
			isa = PBXSourcesBuildPhase;
			buildActionMask = 2147483647;
			files = (
				161AB76C200A8C1D0059AA8F /* MealTableViewController.swift in Sources */,
				161AB76A200A81D80059AA8F /* MealTableViewCell.swift in Sources */,
				161AB74A2009762F0059AA8F /* MealViewController.swift in Sources */,
				161AB7682009B7190059AA8F /* RatingControl.swift in Sources */,
				161AB76E200A96620059AA8F /* Meal.swift in Sources */,
				161AB7482009762F0059AA8F /* AppDelegate.swift in Sources */,
			);
			runOnlyForDeploymentPostprocessing = 0;
		};
		161AB754200976300059AA8F /* Sources */ = {
			isa = PBXSourcesBuildPhase;
			buildActionMask = 2147483647;
			files = (
				161AB75D200976300059AA8F /* FoodTrackerTests.swift in Sources */,
			);
			runOnlyForDeploymentPostprocessing = 0;
		};
/* End PBXSourcesBuildPhase section */

/* Begin PBXTargetDependency section */
		161AB75A200976300059AA8F /* PBXTargetDependency */ = {
			isa = PBXTargetDependency;
			target = 161AB7432009762F0059AA8F /* FoodTracker */;
			targetProxy = 161AB759200976300059AA8F /* PBXContainerItemProxy */;
		};
/* End PBXTargetDependency section */

/* Begin PBXVariantGroup section */
		161AB74B2009762F0059AA8F /* Main.storyboard */ = {
			isa = PBXVariantGroup;
			children = (
				161AB74C2009762F0059AA8F /* Base */,
			);
			name = Main.storyboard;
			sourceTree = "<group>";
		};
		161AB7502009762F0059AA8F /* LaunchScreen.storyboard */ = {
			isa = PBXVariantGroup;
			children = (
				161AB7512009762F0059AA8F /* Base */,
			);
			name = LaunchScreen.storyboard;
			sourceTree = "<group>";
		};
/* End PBXVariantGroup section */

/* Begin XCBuildConfiguration section */
		161AB75F200976300059AA8F /* Debug */ = {
			isa = XCBuildConfiguration;
			buildSettings = {
				ALWAYS_SEARCH_USER_PATHS = NO;
				CLANG_ANALYZER_NONNULL = YES;
				CLANG_ANALYZER_NUMBER_OBJECT_CONVERSION = YES_AGGRESSIVE;
				CLANG_CXX_LANGUAGE_STANDARD = "gnu++14";
				CLANG_CXX_LIBRARY = "libc++";
				CLANG_ENABLE_MODULES = YES;
				CLANG_ENABLE_OBJC_ARC = YES;
				CLANG_WARN_BLOCK_CAPTURE_AUTORELEASING = YES;
				CLANG_WARN_BOOL_CONVERSION = YES;
				CLANG_WARN_COMMA = YES;
				CLANG_WARN_CONSTANT_CONVERSION = YES;
				CLANG_WARN_DIRECT_OBJC_ISA_USAGE = YES_ERROR;
				CLANG_WARN_DOCUMENTATION_COMMENTS = YES;
				CLANG_WARN_EMPTY_BODY = YES;
				CLANG_WARN_ENUM_CONVERSION = YES;
				CLANG_WARN_INFINITE_RECURSION = YES;
				CLANG_WARN_INT_CONVERSION = YES;
				CLANG_WARN_NON_LITERAL_NULL_CONVERSION = YES;
				CLANG_WARN_OBJC_LITERAL_CONVERSION = YES;
				CLANG_WARN_OBJC_ROOT_CLASS = YES_ERROR;
				CLANG_WARN_RANGE_LOOP_ANALYSIS = YES;
				CLANG_WARN_STRICT_PROTOTYPES = YES;
				CLANG_WARN_SUSPICIOUS_MOVE = YES;
				CLANG_WARN_UNGUARDED_AVAILABILITY = YES_AGGRESSIVE;
				CLANG_WARN_UNREACHABLE_CODE = YES;
				CLANG_WARN__DUPLICATE_METHOD_MATCH = YES;
				CODE_SIGN_IDENTITY = "iPhone Developer";
				COPY_PHASE_STRIP = NO;
				DEBUG_INFORMATION_FORMAT = dwarf;
				ENABLE_STRICT_OBJC_MSGSEND = YES;
				ENABLE_TESTABILITY = YES;
				GCC_C_LANGUAGE_STANDARD = gnu11;
				GCC_DYNAMIC_NO_PIC = NO;
				GCC_NO_COMMON_BLOCKS = YES;
				GCC_OPTIMIZATION_LEVEL = 0;
				GCC_PREPROCESSOR_DEFINITIONS = (
					"DEBUG=1",
					"$(inherited)",
				);
				GCC_WARN_64_TO_32_BIT_CONVERSION = YES;
				GCC_WARN_ABOUT_RETURN_TYPE = YES_ERROR;
				GCC_WARN_UNDECLARED_SELECTOR = YES;
				GCC_WARN_UNINITIALIZED_AUTOS = YES_AGGRESSIVE;
				GCC_WARN_UNUSED_FUNCTION = YES;
				GCC_WARN_UNUSED_VARIABLE = YES;
				IPHONEOS_DEPLOYMENT_TARGET = 11.2;
				MTL_ENABLE_DEBUG_INFO = YES;
				ONLY_ACTIVE_ARCH = YES;
				SDKROOT = iphoneos;
				SWIFT_ACTIVE_COMPILATION_CONDITIONS = DEBUG;
				SWIFT_OPTIMIZATION_LEVEL = "-Onone";
			};
			name = Debug;
		};
		161AB760200976300059AA8F /* Release */ = {
			isa = XCBuildConfiguration;
			buildSettings = {
				ALWAYS_SEARCH_USER_PATHS = NO;
				CLANG_ANALYZER_NONNULL = YES;
				CLANG_ANALYZER_NUMBER_OBJECT_CONVERSION = YES_AGGRESSIVE;
				CLANG_CXX_LANGUAGE_STANDARD = "gnu++14";
				CLANG_CXX_LIBRARY = "libc++";
				CLANG_ENABLE_MODULES = YES;
				CLANG_ENABLE_OBJC_ARC = YES;
				CLANG_WARN_BLOCK_CAPTURE_AUTORELEASING = YES;
				CLANG_WARN_BOOL_CONVERSION = YES;
				CLANG_WARN_COMMA = YES;
				CLANG_WARN_CONSTANT_CONVERSION = YES;
				CLANG_WARN_DIRECT_OBJC_ISA_USAGE = YES_ERROR;
				CLANG_WARN_DOCUMENTATION_COMMENTS = YES;
				CLANG_WARN_EMPTY_BODY = YES;
				CLANG_WARN_ENUM_CONVERSION = YES;
				CLANG_WARN_INFINITE_RECURSION = YES;
				CLANG_WARN_INT_CONVERSION = YES;
				CLANG_WARN_NON_LITERAL_NULL_CONVERSION = YES;
				CLANG_WARN_OBJC_LITERAL_CONVERSION = YES;
				CLANG_WARN_OBJC_ROOT_CLASS = YES_ERROR;
				CLANG_WARN_RANGE_LOOP_ANALYSIS = YES;
				CLANG_WARN_STRICT_PROTOTYPES = YES;
				CLANG_WARN_SUSPICIOUS_MOVE = YES;
				CLANG_WARN_UNGUARDED_AVAILABILITY = YES_AGGRESSIVE;
				CLANG_WARN_UNREACHABLE_CODE = YES;
				CLANG_WARN__DUPLICATE_METHOD_MATCH = YES;
				CODE_SIGN_IDENTITY = "iPhone Developer";
				COPY_PHASE_STRIP = NO;
				DEBUG_INFORMATION_FORMAT = "dwarf-with-dsym";
				ENABLE_NS_ASSERTIONS = NO;
				ENABLE_STRICT_OBJC_MSGSEND = YES;
				GCC_C_LANGUAGE_STANDARD = gnu11;
				GCC_NO_COMMON_BLOCKS = YES;
				GCC_WARN_64_TO_32_BIT_CONVERSION = YES;
				GCC_WARN_ABOUT_RETURN_TYPE = YES_ERROR;
				GCC_WARN_UNDECLARED_SELECTOR = YES;
				GCC_WARN_UNINITIALIZED_AUTOS = YES_AGGRESSIVE;
				GCC_WARN_UNUSED_FUNCTION = YES;
				GCC_WARN_UNUSED_VARIABLE = YES;
				IPHONEOS_DEPLOYMENT_TARGET = 11.2;
				MTL_ENABLE_DEBUG_INFO = NO;
				SDKROOT = iphoneos;
				SWIFT_OPTIMIZATION_LEVEL = "-Owholemodule";
				VALIDATE_PRODUCT = YES;
			};
			name = Release;
		};
		161AB762200976300059AA8F /* Debug */ = {
			isa = XCBuildConfiguration;
			buildSettings = {
				ASSETCATALOG_COMPILER_APPICON_NAME = AppIcon;
				CODE_SIGN_STYLE = Automatic;
				DEVELOPMENT_TEAM = NZ5N56B84J;
				INFOPLIST_FILE = FoodTracker/Info.plist;
				LD_RUNPATH_SEARCH_PATHS = "$(inherited) @executable_path/Frameworks";
				PRODUCT_BUNDLE_IDENTIFIER = com.TaylorBills.FoodTracker;
				PRODUCT_NAME = "$(TARGET_NAME)";
				SWIFT_VERSION = 4.0;
				TARGETED_DEVICE_FAMILY = "1,2";
			};
			name = Debug;
		};
		161AB763200976300059AA8F /* Release */ = {
			isa = XCBuildConfiguration;
			buildSettings = {
				ASSETCATALOG_COMPILER_APPICON_NAME = AppIcon;
				CODE_SIGN_STYLE = Automatic;
				DEVELOPMENT_TEAM = NZ5N56B84J;
				INFOPLIST_FILE = FoodTracker/Info.plist;
				LD_RUNPATH_SEARCH_PATHS = "$(inherited) @executable_path/Frameworks";
				PRODUCT_BUNDLE_IDENTIFIER = com.TaylorBills.FoodTracker;
				PRODUCT_NAME = "$(TARGET_NAME)";
				SWIFT_VERSION = 4.0;
				TARGETED_DEVICE_FAMILY = "1,2";
			};
			name = Release;
		};
		161AB765200976300059AA8F /* Debug */ = {
			isa = XCBuildConfiguration;
			buildSettings = {
				ALWAYS_EMBED_SWIFT_STANDARD_LIBRARIES = YES;
				BUNDLE_LOADER = "$(TEST_HOST)";
				CODE_SIGN_STYLE = Automatic;
				DEVELOPMENT_TEAM = NZ5N56B84J;
				INFOPLIST_FILE = FoodTrackerTests/Info.plist;
				LD_RUNPATH_SEARCH_PATHS = "$(inherited) @executable_path/Frameworks @loader_path/Frameworks";
				PRODUCT_BUNDLE_IDENTIFIER = com.TaylorBills.FoodTrackerTests;
				PRODUCT_NAME = "$(TARGET_NAME)";
				SWIFT_VERSION = 4.0;
				TARGETED_DEVICE_FAMILY = "1,2";
				TEST_HOST = "$(BUILT_PRODUCTS_DIR)/FoodTracker.app/FoodTracker";
			};
			name = Debug;
		};
		161AB766200976300059AA8F /* Release */ = {
			isa = XCBuildConfiguration;
			buildSettings = {
				ALWAYS_EMBED_SWIFT_STANDARD_LIBRARIES = YES;
				BUNDLE_LOADER = "$(TEST_HOST)";
				CODE_SIGN_STYLE = Automatic;
				DEVELOPMENT_TEAM = NZ5N56B84J;
				INFOPLIST_FILE = FoodTrackerTests/Info.plist;
				LD_RUNPATH_SEARCH_PATHS = "$(inherited) @executable_path/Frameworks @loader_path/Frameworks";
				PRODUCT_BUNDLE_IDENTIFIER = com.TaylorBills.FoodTrackerTests;
				PRODUCT_NAME = "$(TARGET_NAME)";
				SWIFT_VERSION = 4.0;
				TARGETED_DEVICE_FAMILY = "1,2";
				TEST_HOST = "$(BUILT_PRODUCTS_DIR)/FoodTracker.app/FoodTracker";
			};
			name = Release;
		};
/* End XCBuildConfiguration section */

/* Begin XCConfigurationList section */
		161AB73F2009762F0059AA8F /* Build configuration list for PBXProject "FoodTracker" */ = {
			isa = XCConfigurationList;
			buildConfigurations = (
				161AB75F200976300059AA8F /* Debug */,
				161AB760200976300059AA8F /* Release */,
			);
			defaultConfigurationIsVisible = 0;
			defaultConfigurationName = Release;
		};
		161AB761200976300059AA8F /* Build configuration list for PBXNativeTarget "FoodTracker" */ = {
			isa = XCConfigurationList;
			buildConfigurations = (
				161AB762200976300059AA8F /* Debug */,
				161AB763200976300059AA8F /* Release */,
			);
			defaultConfigurationIsVisible = 0;
			defaultConfigurationName = Release;
		};
		161AB764200976300059AA8F /* Build configuration list for PBXNativeTarget "FoodTrackerTests" */ = {
			isa = XCConfigurationList;
			buildConfigurations = (
				161AB765200976300059AA8F /* Debug */,
				161AB766200976300059AA8F /* Release */,
			);
			defaultConfigurationIsVisible = 0;
			defaultConfigurationName = Release;
		};
/* End XCConfigurationList section */
	};
	rootObject = 161AB73C2009762F0059AA8F /* Project object */;
}
